
Microsoft Visual Studio Solution File, Format Version 12.00
# Visual Studio Version 17
VisualStudioVersion = 17.3.32929.385
MinimumVisualStudioVersion = 10.0.40219.1
Project("{FAE04EC0-301F-11D3-BF4B-00C04F79EFBC}") = "窗口获取句柄（2）", "窗口获取句柄（2）\窗口获取句柄（2）.csproj", "{DC0501C0-B8EF-4CA2-8AF7-AFAED5E56E16}"
EndProject
Global
	GlobalSection(SolutionConfigurationPlatforms) = preSolution
		Debug|Any CPU = Debug|Any CPU
		Release|Any CPU = Release|Any CPU
	EndGlobalSection
	GlobalSection(ProjectConfigurationPlatforms) = postSolution
		{DC0501C0-B8EF-4CA2-8AF7-AFAED5E56E16}.Debug|Any CPU.ActiveCfg = Debug|Any CPU
		{DC0501C0-B8EF-4CA2-8AF7-AFAED5E56E16}.Debug|Any CPU.Build.0 = Debug|Any CPU
		{DC0501C0-B8EF-4CA2-8AF7-AFAED5E56E16}.Release|Any CPU.ActiveCfg = Release|Any CPU
		{DC0501C0-B8EF-4CA2-8AF7-AFAED5E56E16}.Release|Any CPU.Build.0 = Release|Any CPU
	EndGlobalSection
	GlobalSection(SolutionProperties) = preSolution
		HideSolutionNode = FALSE
	EndGlobalSection
	GlobalSection(ExtensibilityGlobals) = postSolution
		SolutionGuid = {B8771F26-5E1A-449C-A871-3DD6C027438D}
	EndGlobalSection
EndGlobal
